{
  "name": "idn-area-lod",
  "lockfileVersion": 3,
  "requires": true,
  "packages": {
    "": {
      "dependencies": {
        "idn-area-data": "^3.0.1"
      }
    },
    "node_modules/idn-area-data": {
      "version": "3.0.1",
      "resolved": "https://registry.npmjs.org/idn-area-data/-/idn-area-data-3.0.1.tgz",
      "integrity": "sha512-WfG5i+Xj8PdOrktQYaHmw1uTTTmVwerjGIkSTnA7o/O9fv6sFMv1JrtqMvkNgxXhR+njvWdkHoxOOHfynotbUg==",
      "dependencies": {
        "papaparse": "^5.4.1"
      },
      "engines": {
        "node": ">=18"
      },
      "funding": {
        "url": "https://github.com/sponsors/fityannugroho"
      }
    },
    "node_modules/papaparse": {
      "version": "5.4.1",
      "resolved": "https://registry.npmjs.org/papaparse/-/papaparse-5.4.1.tgz",
      "integrity": "sha512-HipMsgJkZu8br23pW15uvo6sib6wne/4woLZPlFf3rpDyMe9ywEXUsuD7+6K9PRkJlVT51j/sCOYDKGGS3ZJrw=="
    }
  }
}
